
Microsoft Visual Studio Solution File, Format Version 12.00
# Visual Studio Version 17
VisualStudioVersion = 17.8.34408.163
MinimumVisualStudioVersion = 10.0.40219.1
Project("{9A19103F-16F7-4668-BE54-9A1E7A4F7556}") = "Entities", "Entities\Entities.csproj", "{5DB02B84-D656-4E4E-AE0C-E9713C7DB883}"
EndProject
Project("{9A19103F-16F7-4668-BE54-9A1E7A4F7556}") = "ServiceContracts", "ServiceContracts\ServiceContracts.csproj", "{F3AE6BBC-F095-4DA0-809E-C6763A390DB0}"
EndProject
Project("{9A19103F-16F7-4668-BE54-9A1E7A4F7556}") = "Services", "Services\Services.csproj", "{8E0CD884-369A-42AC-870E-AA19D851FE1B}"
EndProject
Project("{9A19103F-16F7-4668-BE54-9A1E7A4F7556}") = "StocksAppWithxUnitTest", "StocksAppWithxUnitTest\StocksAppWithxUnitTest.csproj", "{77BEE337-AC66-4FF9-8082-681DF49DCDBA}"
EndProject
Project("{9A19103F-16F7-4668-BE54-9A1E7A4F7556}") = "StocksAppWithxUnit", "StocksAppWithxUnit\StocksAppWithxUnit.csproj", "{DA453F8E-BC12-484B-BD4F-4FFE316D911B}"
EndProject
Global
	GlobalSection(SolutionConfigurationPlatforms) = preSolution
		Debug|Any CPU = Debug|Any CPU
		Release|Any CPU = Release|Any CPU
	EndGlobalSection
	GlobalSection(ProjectConfigurationPlatforms) = postSolution
		{5DB02B84-D656-4E4E-AE0C-E9713C7DB883}.Debug|Any CPU.ActiveCfg = Debug|Any CPU
		{5DB02B84-D656-4E4E-AE0C-E9713C7DB883}.Debug|Any CPU.Build.0 = Debug|Any CPU
		{5DB02B84-D656-4E4E-AE0C-E9713C7DB883}.Release|Any CPU.ActiveCfg = Release|Any CPU
		{5DB02B84-D656-4E4E-AE0C-E9713C7DB883}.Release|Any CPU.Build.0 = Release|Any CPU
		{F3AE6BBC-F095-4DA0-809E-C6763A390DB0}.Debug|Any CPU.ActiveCfg = Debug|Any CPU
		{F3AE6BBC-F095-4DA0-809E-C6763A390DB0}.Debug|Any CPU.Build.0 = Debug|Any CPU
		{F3AE6BBC-F095-4DA0-809E-C6763A390DB0}.Release|Any CPU.ActiveCfg = Release|Any CPU
		{F3AE6BBC-F095-4DA0-809E-C6763A390DB0}.Release|Any CPU.Build.0 = Release|Any CPU
		{8E0CD884-369A-42AC-870E-AA19D851FE1B}.Debug|Any CPU.ActiveCfg = Debug|Any CPU
		{8E0CD884-369A-42AC-870E-AA19D851FE1B}.Debug|Any CPU.Build.0 = Debug|Any CPU
		{8E0CD884-369A-42AC-870E-AA19D851FE1B}.Release|Any CPU.ActiveCfg = Release|Any CPU
		{8E0CD884-369A-42AC-870E-AA19D851FE1B}.Release|Any CPU.Build.0 = Release|Any CPU
		{77BEE337-AC66-4FF9-8082-681DF49DCDBA}.Debug|Any CPU.ActiveCfg = Debug|Any CPU
		{77BEE337-AC66-4FF9-8082-681DF49DCDBA}.Debug|Any CPU.Build.0 = Debug|Any CPU
		{77BEE337-AC66-4FF9-8082-681DF49DCDBA}.Release|Any CPU.ActiveCfg = Release|Any CPU
		{77BEE337-AC66-4FF9-8082-681DF49DCDBA}.Release|Any CPU.Build.0 = Release|Any CPU
		{DA453F8E-BC12-484B-BD4F-4FFE316D911B}.Debug|Any CPU.ActiveCfg = Debug|Any CPU
		{DA453F8E-BC12-484B-BD4F-4FFE316D911B}.Debug|Any CPU.Build.0 = Debug|Any CPU
		{DA453F8E-BC12-484B-BD4F-4FFE316D911B}.Release|Any CPU.ActiveCfg = Release|Any CPU
		{DA453F8E-BC12-484B-BD4F-4FFE316D911B}.Release|Any CPU.Build.0 = Release|Any CPU
	EndGlobalSection
	GlobalSection(SolutionProperties) = preSolution
		HideSolutionNode = FALSE
	EndGlobalSection
	GlobalSection(ExtensibilityGlobals) = postSolution
		SolutionGuid = {23FC61C6-476F-4CD0-B692-A31F45B5EFF9}
	EndGlobalSection
EndGlobal
